
Microsoft Visual Studio Solution File, Format Version 12.00
# Visual Studio Version 17
VisualStudioVersion = 17.11.35327.3
MinimumVisualStudioVersion = 10.0.40219.1
Project("{FAE04EC0-301F-11D3-BF4B-00C04F79EFBC}") = "OOP_TIME", "OOP_TIME.csproj", "{CAF9059A-8E54-490F-A005-99085D555DBA}"
EndProject
Global
	GlobalSection(SolutionConfigurationPlatforms) = preSolution
		Debug|Any CPU = Debug|Any CPU
		Release|Any CPU = Release|Any CPU
	EndGlobalSection
	GlobalSection(ProjectConfigurationPlatforms) = postSolution
		{CAF9059A-8E54-490F-A005-99085D555DBA}.Debug|Any CPU.ActiveCfg = Debug|Any CPU
		{CAF9059A-8E54-490F-A005-99085D555DBA}.Debug|Any CPU.Build.0 = Debug|Any CPU
		{CAF9059A-8E54-490F-A005-99085D555DBA}.Release|Any CPU.ActiveCfg = Release|Any CPU
		{CAF9059A-8E54-490F-A005-99085D555DBA}.Release|Any CPU.Build.0 = Release|Any CPU
	EndGlobalSection
	GlobalSection(SolutionProperties) = preSolution
		HideSolutionNode = FALSE
	EndGlobalSection
	GlobalSection(ExtensibilityGlobals) = postSolution
		SolutionGuid = {DA1DC7A4-334F-442C-973D-B11E91B97287}
	EndGlobalSection
EndGlobal
