
Microsoft Visual Studio Solution File, Format Version 12.00
# Visual Studio Version 17
VisualStudioVersion = 17.11.35327.3
MinimumVisualStudioVersion = 10.0.40219.1
Project("{FAE04EC0-301F-11D3-BF4B-00C04F79EFBC}") = "Ind", "Ind.csproj", "{2F451C14-BA6D-4824-8686-BCCF8C1E32C5}"
EndProject
Global
	GlobalSection(SolutionConfigurationPlatforms) = preSolution
		Debug|Any CPU = Debug|Any CPU
		Release|Any CPU = Release|Any CPU
	EndGlobalSection
	GlobalSection(ProjectConfigurationPlatforms) = postSolution
		{2F451C14-BA6D-4824-8686-BCCF8C1E32C5}.Debug|Any CPU.ActiveCfg = Debug|Any CPU
		{2F451C14-BA6D-4824-8686-BCCF8C1E32C5}.Debug|Any CPU.Build.0 = Debug|Any CPU
		{2F451C14-BA6D-4824-8686-BCCF8C1E32C5}.Release|Any CPU.ActiveCfg = Release|Any CPU
		{2F451C14-BA6D-4824-8686-BCCF8C1E32C5}.Release|Any CPU.Build.0 = Release|Any CPU
	EndGlobalSection
	GlobalSection(SolutionProperties) = preSolution
		HideSolutionNode = FALSE
	EndGlobalSection
	GlobalSection(ExtensibilityGlobals) = postSolution
		SolutionGuid = {2C7B409E-E63B-4670-B533-B5F0E158D67F}
	EndGlobalSection
EndGlobal
